// !$*UTF8*$!
{
	archiveVersion = 1;
	classes = {
	};
	objectVersion = 50;
	objects = {

/* Begin PBXBuildFile section */
		0550138A85ADDADB113C245C /* libPods-rightMENU.a in Frameworks */ = {isa = PBXBuildFile; fileRef = 092EA5946C0D5184A41DD5CB /* libPods-rightMENU.a */; };
		180E9E5023216960007A76D3 /* popChildView.m in Sources */ = {isa = PBXBuildFile; fileRef = 180E9E4F23216960007A76D3 /* popChildView.m */; };
		180E9E542321763C007A76D3 /* popChildTableViewCell.m in Sources */ = {isa = PBXBuildFile; fileRef = 180E9E522321763C007A76D3 /* popChildTableViewCell.m */; };
		180E9E552321763C007A76D3 /* popChildTableViewCell.xib in Resources */ = {isa = PBXBuildFile; fileRef = 180E9E532321763C007A76D3 /* popChildTableViewCell.xib */; };
		3177E32823209E03005ACF45 /* AppDelegate.m in Sources */ = {isa = PBXBuildFile; fileRef = 3177E32723209E03005ACF45 /* AppDelegate.m */; };
		3177E32B23209E03005ACF45 /* ViewController.m in Sources */ = {isa = PBXBuildFile; fileRef = 3177E32A23209E03005ACF45 /* ViewController.m */; };
		3177E32E23209E03005ACF45 /* Main.storyboard in Resources */ = {isa = PBXBuildFile; fileRef = 3177E32C23209E03005ACF45 /* Main.storyboard */; };
		3177E33023209E05005ACF45 /* Assets.xcassets in Resources */ = {isa = PBXBuildFile; fileRef = 3177E32F23209E05005ACF45 /* Assets.xcassets */; };
		3177E33323209E05005ACF45 /* LaunchScreen.storyboard in Resources */ = {isa = PBXBuildFile; fileRef = 3177E33123209E05005ACF45 /* LaunchScreen.storyboard */; };
		3177E33623209E05005ACF45 /* main.m in Sources */ = {isa = PBXBuildFile; fileRef = 3177E33523209E05005ACF45 /* main.m */; };
		3177E34023209E05005ACF45 /* rightMENUTests.m in Sources */ = {isa = PBXBuildFile; fileRef = 3177E33F23209E05005ACF45 /* rightMENUTests.m */; };
		3177E34B23209E05005ACF45 /* rightMENUUITests.m in Sources */ = {isa = PBXBuildFile; fileRef = 3177E34A23209E05005ACF45 /* rightMENUUITests.m */; };
		3177E35A2320A150005ACF45 /* homeViewController.m in Sources */ = {isa = PBXBuildFile; fileRef = 3177E3592320A150005ACF45 /* homeViewController.m */; };
		3177E35D2320A161005ACF45 /* mineViewController.m in Sources */ = {isa = PBXBuildFile; fileRef = 3177E35C2320A161005ACF45 /* mineViewController.m */; };
		3177E3602320A1FB005ACF45 /* MainNavigationController.m in Sources */ = {isa = PBXBuildFile; fileRef = 3177E35F2320A1FA005ACF45 /* MainNavigationController.m */; };
		3177E3632320A2EA005ACF45 /* MainTabbarViewController.m in Sources */ = {isa = PBXBuildFile; fileRef = 3177E3622320A2EA005ACF45 /* MainTabbarViewController.m */; };
		31B88D5A2320AFBA007A506A /* DetailViewController.m in Sources */ = {isa = PBXBuildFile; fileRef = 31B88D582320AFBA007A506A /* DetailViewController.m */; };
		31B88D5B2320AFBA007A506A /* DetailViewController.xib in Resources */ = {isa = PBXBuildFile; fileRef = 31B88D592320AFBA007A506A /* DetailViewController.xib */; };
		31B88D622320DB30007A506A /* firstTableViewCell.m in Sources */ = {isa = PBXBuildFile; fileRef = 31B88D602320DB30007A506A /* firstTableViewCell.m */; };
		31B88D632320DB30007A506A /* firstTableViewCell.xib in Resources */ = {isa = PBXBuildFile; fileRef = 31B88D612320DB30007A506A /* firstTableViewCell.xib */; };
		31B88D672320DB45007A506A /* secondTableViewCell.m in Sources */ = {isa = PBXBuildFile; fileRef = 31B88D652320DB45007A506A /* secondTableViewCell.m */; };
		31B88D682320DB45007A506A /* secondTableViewCell.xib in Resources */ = {isa = PBXBuildFile; fileRef = 31B88D662320DB45007A506A /* secondTableViewCell.xib */; };
		31B88D6B2320DBAF007A506A /* headerView.m in Sources */ = {isa = PBXBuildFile; fileRef = 31B88D6A2320DBAF007A506A /* headerView.m */; };
		31B88D6D2320DBC8007A506A /* headerView.xib in Resources */ = {isa = PBXBuildFile; fileRef = 31B88D6C2320DBC8007A506A /* headerView.xib */; };
		31B88D712320ECA9007A506A /* thridTableViewCell.m in Sources */ = {isa = PBXBuildFile; fileRef = 31B88D6F2320ECA9007A506A /* thridTableViewCell.m */; };
		31B88D722320ECA9007A506A /* thridTableViewCell.xib in Resources */ = {isa = PBXBuildFile; fileRef = 31B88D702320ECA9007A506A /* thridTableViewCell.xib */; };
		31B88D762320F64C007A506A /* fourTableViewCell.m in Sources */ = {isa = PBXBuildFile; fileRef = 31B88D742320F64C007A506A /* fourTableViewCell.m */; };
		31B88D772320F64C007A506A /* fourTableViewCell.xib in Resources */ = {isa = PBXBuildFile; fileRef = 31B88D752320F64C007A506A /* fourTableViewCell.xib */; };
		31B88D7D23210D3A007A506A /* zeroTableViewCell.m in Sources */ = {isa = PBXBuildFile; fileRef = 31B88D7B23210D3A007A506A /* zeroTableViewCell.m */; };
		31B88D7E23210D3A007A506A /* zeroTableViewCell.xib in Resources */ = {isa = PBXBuildFile; fileRef = 31B88D7C23210D3A007A506A /* zeroTableViewCell.xib */; };
/* End PBXBuildFile section */

/* Begin PBXContainerItemProxy section */
		3177E33C23209E05005ACF45 /* PBXContainerItemProxy */ = {
			isa = PBXContainerItemProxy;
			containerPortal = 3177E31B23209E03005ACF45 /* Project object */;
			proxyType = 1;
			remoteGlobalIDString = 3177E32223209E03005ACF45;
			remoteInfo = rightMENU;
		};
		3177E34723209E05005ACF45 /* PBXContainerItemProxy */ = {
			isa = PBXContainerItemProxy;
			containerPortal = 3177E31B23209E03005ACF45 /* Project object */;
			proxyType = 1;
			remoteGlobalIDString = 3177E32223209E03005ACF45;
			remoteInfo = rightMENU;
		};
/* End PBXContainerItemProxy section */

/* Begin PBXFileReference section */
		092EA5946C0D5184A41DD5CB /* libPods-rightMENU.a */ = {isa = PBXFileReference; explicitFileType = archive.ar; includeInIndex = 0; path = "libPods-rightMENU.a"; sourceTree = BUILT_PRODUCTS_DIR; };
		180E9E4E23216960007A76D3 /* popChildView.h */ = {isa = PBXFileReference; lastKnownFileType = sourcecode.c.h; path = popChildView.h; sourceTree = "<group>"; };
		180E9E4F23216960007A76D3 /* popChildView.m */ = {isa = PBXFileReference; lastKnownFileType = sourcecode.c.objc; path = popChildView.m; sourceTree = "<group>"; };
		180E9E512321763C007A76D3 /* popChildTableViewCell.h */ = {isa = PBXFileReference; lastKnownFileType = sourcecode.c.h; path = popChildTableViewCell.h; sourceTree = "<group>"; };
		180E9E522321763C007A76D3 /* popChildTableViewCell.m */ = {isa = PBXFileReference; lastKnownFileType = sourcecode.c.objc; path = popChildTableViewCell.m; sourceTree = "<group>"; };
		180E9E532321763C007A76D3 /* popChildTableViewCell.xib */ = {isa = PBXFileReference; lastKnownFileType = file.xib; path = popChildTableViewCell.xib; sourceTree = "<group>"; };
		2DD87B10A64EDB87C33A6797 /* Pods-rightMENU.release.xcconfig */ = {isa = PBXFileReference; includeInIndex = 1; lastKnownFileType = text.xcconfig; name = "Pods-rightMENU.release.xcconfig"; path = "Target Support Files/Pods-rightMENU/Pods-rightMENU.release.xcconfig"; sourceTree = "<group>"; };
		3177E32323209E03005ACF45 /* rightMENU.app */ = {isa = PBXFileReference; explicitFileType = wrapper.application; includeInIndex = 0; path = rightMENU.app; sourceTree = BUILT_PRODUCTS_DIR; };
		3177E32623209E03005ACF45 /* AppDelegate.h */ = {isa = PBXFileReference; lastKnownFileType = sourcecode.c.h; path = AppDelegate.h; sourceTree = "<group>"; };
		3177E32723209E03005ACF45 /* AppDelegate.m */ = {isa = PBXFileReference; lastKnownFileType = sourcecode.c.objc; path = AppDelegate.m; sourceTree = "<group>"; };
		3177E32923209E03005ACF45 /* ViewController.h */ = {isa = PBXFileReference; lastKnownFileType = sourcecode.c.h; path = ViewController.h; sourceTree = "<group>"; };
		3177E32A23209E03005ACF45 /* ViewController.m */ = {isa = PBXFileReference; lastKnownFileType = sourcecode.c.objc; path = ViewController.m; sourceTree = "<group>"; };
		3177E32D23209E03005ACF45 /* Base */ = {isa = PBXFileReference; lastKnownFileType = file.storyboard; name = Base; path = Base.lproj/Main.storyboard; sourceTree = "<group>"; };
		3177E32F23209E05005ACF45 /* Assets.xcassets */ = {isa = PBXFileReference; lastKnownFileType = folder.assetcatalog; path = Assets.xcassets; sourceTree = "<group>"; };
		3177E33223209E05005ACF45 /* Base */ = {isa = PBXFileReference; lastKnownFileType = file.storyboard; name = Base; path = Base.lproj/LaunchScreen.storyboard; sourceTree = "<group>"; };
		3177E33423209E05005ACF45 /* Info.plist */ = {isa = PBXFileReference; lastKnownFileType = text.plist.xml; path = Info.plist; sourceTree = "<group>"; };
		3177E33523209E05005ACF45 /* main.m */ = {isa = PBXFileReference; lastKnownFileType = sourcecode.c.objc; path = main.m; sourceTree = "<group>"; };
		3177E33B23209E05005ACF45 /* rightMENUTests.xctest */ = {isa = PBXFileReference; explicitFileType = wrapper.cfbundle; includeInIndex = 0; path = rightMENUTests.xctest; sourceTree = BUILT_PRODUCTS_DIR; };
		3177E33F23209E05005ACF45 /* rightMENUTests.m */ = {isa = PBXFileReference; lastKnownFileType = sourcecode.c.objc; path = rightMENUTests.m; sourceTree = "<group>"; };
		3177E34123209E05005ACF45 /* Info.plist */ = {isa = PBXFileReference; lastKnownFileType = text.plist.xml; path = Info.plist; sourceTree = "<group>"; };
		3177E34623209E05005ACF45 /* rightMENUUITests.xctest */ = {isa = PBXFileReference; explicitFileType = wrapper.cfbundle; includeInIndex = 0; path = rightMENUUITests.xctest; sourceTree = BUILT_PRODUCTS_DIR; };
		3177E34A23209E05005ACF45 /* rightMENUUITests.m */ = {isa = PBXFileReference; lastKnownFileType = sourcecode.c.objc; path = rightMENUUITests.m; sourceTree = "<group>"; };
		3177E34C23209E05005ACF45 /* Info.plist */ = {isa = PBXFileReference; lastKnownFileType = text.plist.xml; path = Info.plist; sourceTree = "<group>"; };
		3177E3582320A150005ACF45 /* homeViewController.h */ = {isa = PBXFileReference; lastKnownFileType = sourcecode.c.h; path = homeViewController.h; sourceTree = "<group>"; };
		3177E3592320A150005ACF45 /* homeViewController.m */ = {isa = PBXFileReference; lastKnownFileType = sourcecode.c.objc; path = homeViewController.m; sourceTree = "<group>"; };
		3177E35B2320A161005ACF45 /* mineViewController.h */ = {isa = PBXFileReference; lastKnownFileType = sourcecode.c.h; path = mineViewController.h; sourceTree = "<group>"; };
		3177E35C2320A161005ACF45 /* mineViewController.m */ = {isa = PBXFileReference; lastKnownFileType = sourcecode.c.objc; path = mineViewController.m; sourceTree = "<group>"; };
		3177E35E2320A1FA005ACF45 /* MainNavigationController.h */ = {isa = PBXFileReference; lastKnownFileType = sourcecode.c.h; path = MainNavigationController.h; sourceTree = "<group>"; };
		3177E35F2320A1FA005ACF45 /* MainNavigationController.m */ = {isa = PBXFileReference; lastKnownFileType = sourcecode.c.objc; path = MainNavigationController.m; sourceTree = "<group>"; };
		3177E3612320A2EA005ACF45 /* MainTabbarViewController.h */ = {isa = PBXFileReference; lastKnownFileType = sourcecode.c.h; path = MainTabbarViewController.h; sourceTree = "<group>"; };
		3177E3622320A2EA005ACF45 /* MainTabbarViewController.m */ = {isa = PBXFileReference; lastKnownFileType = sourcecode.c.objc; path = MainTabbarViewController.m; sourceTree = "<group>"; };
		31B88D572320AFBA007A506A /* DetailViewController.h */ = {isa = PBXFileReference; lastKnownFileType = sourcecode.c.h; path = DetailViewController.h; sourceTree = "<group>"; };
		31B88D582320AFBA007A506A /* DetailViewController.m */ = {isa = PBXFileReference; lastKnownFileType = sourcecode.c.objc; path = DetailViewController.m; sourceTree = "<group>"; };
		31B88D592320AFBA007A506A /* DetailViewController.xib */ = {isa = PBXFileReference; lastKnownFileType = file.xib; path = DetailViewController.xib; sourceTree = "<group>"; };
		31B88D5F2320DB30007A506A /* firstTableViewCell.h */ = {isa = PBXFileReference; lastKnownFileType = sourcecode.c.h; path = firstTableViewCell.h; sourceTree = "<group>"; };
		31B88D602320DB30007A506A /* firstTableViewCell.m */ = {isa = PBXFileReference; lastKnownFileType = sourcecode.c.objc; path = firstTableViewCell.m; sourceTree = "<group>"; };
		31B88D612320DB30007A506A /* firstTableViewCell.xib */ = {isa = PBXFileReference; lastKnownFileType = file.xib; path = firstTableViewCell.xib; sourceTree = "<group>"; };
		31B88D642320DB45007A506A /* secondTableViewCell.h */ = {isa = PBXFileReference; lastKnownFileType = sourcecode.c.h; path = secondTableViewCell.h; sourceTree = "<group>"; };
		31B88D652320DB45007A506A /* secondTableViewCell.m */ = {isa = PBXFileReference; lastKnownFileType = sourcecode.c.objc; path = secondTableViewCell.m; sourceTree = "<group>"; };
		31B88D662320DB45007A506A /* secondTableViewCell.xib */ = {isa = PBXFileReference; lastKnownFileType = file.xib; path = secondTableViewCell.xib; sourceTree = "<group>"; };
		31B88D692320DBAF007A506A /* headerView.h */ = {isa = PBXFileReference; lastKnownFileType = sourcecode.c.h; path = headerView.h; sourceTree = "<group>"; };
		31B88D6A2320DBAF007A506A /* headerView.m */ = {isa = PBXFileReference; lastKnownFileType = sourcecode.c.objc; path = headerView.m; sourceTree = "<group>"; };
		31B88D6C2320DBC8007A506A /* headerView.xib */ = {isa = PBXFileReference; lastKnownFileType = file.xib; path = headerView.xib; sourceTree = "<group>"; };
		31B88D6E2320ECA9007A506A /* thridTableViewCell.h */ = {isa = PBXFileReference; lastKnownFileType = sourcecode.c.h; path = thridTableViewCell.h; sourceTree = "<group>"; };
		31B88D6F2320ECA9007A506A /* thridTableViewCell.m */ = {isa = PBXFileReference; lastKnownFileType = sourcecode.c.objc; path = thridTableViewCell.m; sourceTree = "<group>"; };
		31B88D702320ECA9007A506A /* thridTableViewCell.xib */ = {isa = PBXFileReference; lastKnownFileType = file.xib; path = thridTableViewCell.xib; sourceTree = "<group>"; };
		31B88D732320F64C007A506A /* fourTableViewCell.h */ = {isa = PBXFileReference; lastKnownFileType = sourcecode.c.h; path = fourTableViewCell.h; sourceTree = "<group>"; };
		31B88D742320F64C007A506A /* fourTableViewCell.m */ = {isa = PBXFileReference; lastKnownFileType = sourcecode.c.objc; path = fourTableViewCell.m; sourceTree = "<group>"; };
		31B88D752320F64C007A506A /* fourTableViewCell.xib */ = {isa = PBXFileReference; lastKnownFileType = file.xib; path = fourTableViewCell.xib; sourceTree = "<group>"; };
		31B88D782320FB51007A506A /* Header.h */ = {isa = PBXFileReference; lastKnownFileType = sourcecode.c.h; path = Header.h; sourceTree = "<group>"; };
		31B88D792320FC18007A506A /* PrefixHeader.pch */ = {isa = PBXFileReference; lastKnownFileType = sourcecode.c.h; path = PrefixHeader.pch; sourceTree = "<group>"; };
		31B88D7A23210D3A007A506A /* zeroTableViewCell.h */ = {isa = PBXFileReference; lastKnownFileType = sourcecode.c.h; path = zeroTableViewCell.h; sourceTree = "<group>"; };
		31B88D7B23210D3A007A506A /* zeroTableViewCell.m */ = {isa = PBXFileReference; lastKnownFileType = sourcecode.c.objc; path = zeroTableViewCell.m; sourceTree = "<group>"; };
		31B88D7C23210D3A007A506A /* zeroTableViewCell.xib */ = {isa = PBXFileReference; lastKnownFileType = file.xib; path = zeroTableViewCell.xib; sourceTree = "<group>"; };
		EC0FBC39C1834998DC1C9F2C /* Pods-rightMENU.debug.xcconfig */ = {isa = PBXFileReference; includeInIndex = 1; lastKnownFileType = text.xcconfig; name = "Pods-rightMENU.debug.xcconfig"; path = "Target Support Files/Pods-rightMENU/Pods-rightMENU.debug.xcconfig"; sourceTree = "<group>"; };
/* End PBXFileReference section */

/* Begin PBXFrameworksBuildPhase section */
		3177E32023209E03005ACF45 /* Frameworks */ = {
			isa = PBXFrameworksBuildPhase;
			buildActionMask = 2147483647;
			files = (
				0550138A85ADDADB113C245C /* libPods-rightMENU.a in Frameworks */,
			);
			runOnlyForDeploymentPostprocessing = 0;
		};
		3177E33823209E05005ACF45 /* Frameworks */ = {
			isa = PBXFrameworksBuildPhase;
			buildActionMask = 2147483647;
			files = (
			);
			runOnlyForDeploymentPostprocessing = 0;
		};
		3177E34323209E05005ACF45 /* Frameworks */ = {
			isa = PBXFrameworksBuildPhase;
			buildActionMask = 2147483647;
			files = (
			);
			runOnlyForDeploymentPostprocessing = 0;
		};
/* End PBXFrameworksBuildPhase section */

/* Begin PBXGroup section */
		0DCC2505FDBCDA8009390B7E /* Frameworks */ = {
			isa = PBXGroup;
			children = (
				092EA5946C0D5184A41DD5CB /* libPods-rightMENU.a */,
			);
			name = Frameworks;
			sourceTree = "<group>";
		};
		3177E31A23209E03005ACF45 = {
			isa = PBXGroup;
			children = (
				3177E32523209E03005ACF45 /* rightMENU */,
				3177E33E23209E05005ACF45 /* rightMENUTests */,
				3177E34923209E05005ACF45 /* rightMENUUITests */,
				3177E32423209E03005ACF45 /* Products */,
				4AB99770565532F3C1AADA72 /* Pods */,
				0DCC2505FDBCDA8009390B7E /* Frameworks */,
			);
			sourceTree = "<group>";
		};
		3177E32423209E03005ACF45 /* Products */ = {
			isa = PBXGroup;
			children = (
				3177E32323209E03005ACF45 /* rightMENU.app */,
				3177E33B23209E05005ACF45 /* rightMENUTests.xctest */,
				3177E34623209E05005ACF45 /* rightMENUUITests.xctest */,
			);
			name = Products;
			sourceTree = "<group>";
		};
		3177E32523209E03005ACF45 /* rightMENU */ = {
			isa = PBXGroup;
			children = (
				31B88D532320AEAE007A506A /* base */,
				31B88D542320AEC0007A506A /* class */,
				3177E32623209E03005ACF45 /* AppDelegate.h */,
				3177E32723209E03005ACF45 /* AppDelegate.m */,
				3177E32923209E03005ACF45 /* ViewController.h */,
				3177E32A23209E03005ACF45 /* ViewController.m */,
				3177E32C23209E03005ACF45 /* Main.storyboard */,
				3177E32F23209E05005ACF45 /* Assets.xcassets */,
				3177E33123209E05005ACF45 /* LaunchScreen.storyboard */,
				3177E33423209E05005ACF45 /* Info.plist */,
				3177E33523209E05005ACF45 /* main.m */,
				31B88D782320FB51007A506A /* Header.h */,
				31B88D792320FC18007A506A /* PrefixHeader.pch */,
			);
			path = rightMENU;
			sourceTree = "<group>";
		};
		3177E33E23209E05005ACF45 /* rightMENUTests */ = {
			isa = PBXGroup;
			children = (
				3177E33F23209E05005ACF45 /* rightMENUTests.m */,
				3177E34123209E05005ACF45 /* Info.plist */,
			);
			path = rightMENUTests;
			sourceTree = "<group>";
		};
		3177E34923209E05005ACF45 /* rightMENUUITests */ = {
			isa = PBXGroup;
			children = (
				3177E34A23209E05005ACF45 /* rightMENUUITests.m */,
				3177E34C23209E05005ACF45 /* Info.plist */,
			);
			path = rightMENUUITests;
			sourceTree = "<group>";
		};
		31B88D532320AEAE007A506A /* base */ = {
			isa = PBXGroup;
			children = (
				3177E3612320A2EA005ACF45 /* MainTabbarViewController.h */,
				3177E3622320A2EA005ACF45 /* MainTabbarViewController.m */,
				3177E35E2320A1FA005ACF45 /* MainNavigationController.h */,
				3177E35F2320A1FA005ACF45 /* MainNavigationController.m */,
			);
			path = base;
			sourceTree = "<group>";
		};
		31B88D542320AEC0007A506A /* class */ = {
			isa = PBXGroup;
			children = (
				31B88D552320AF33007A506A /* home */,
				31B88D562320AF3F007A506A /* mine */,
			);
			path = class;
			sourceTree = "<group>";
		};
		31B88D552320AF33007A506A /* home */ = {
			isa = PBXGroup;
			children = (
				31B88D5D2320DA8A007A506A /* model */,
				31B88D5E2320DA92007A506A /* view */,
				31B88D5C2320DA80007A506A /* controller */,
			);
			path = home;
			sourceTree = "<group>";
		};
		31B88D562320AF3F007A506A /* mine */ = {
			isa = PBXGroup;
			children = (
				3177E35B2320A161005ACF45 /* mineViewController.h */,
				3177E35C2320A161005ACF45 /* mineViewController.m */,
			);
			path = mine;
			sourceTree = "<group>";
		};
		31B88D5C2320DA80007A506A /* controller */ = {
			isa = PBXGroup;
			children = (
				3177E3582320A150005ACF45 /* homeViewController.h */,
				3177E3592320A150005ACF45 /* homeViewController.m */,
				31B88D572320AFBA007A506A /* DetailViewController.h */,
				31B88D582320AFBA007A506A /* DetailViewController.m */,
				31B88D592320AFBA007A506A /* DetailViewController.xib */,
			);
			path = controller;
			sourceTree = "<group>";
		};
		31B88D5D2320DA8A007A506A /* model */ = {
			isa = PBXGroup;
			children = (
			);
			path = model;
			sourceTree = "<group>";
		};
		31B88D5E2320DA92007A506A /* view */ = {
			isa = PBXGroup;
			children = (
				31B88D5F2320DB30007A506A /* firstTableViewCell.h */,
				31B88D602320DB30007A506A /* firstTableViewCell.m */,
				31B88D612320DB30007A506A /* firstTableViewCell.xib */,
				31B88D642320DB45007A506A /* secondTableViewCell.h */,
				31B88D652320DB45007A506A /* secondTableViewCell.m */,
				31B88D662320DB45007A506A /* secondTableViewCell.xib */,
				31B88D692320DBAF007A506A /* headerView.h */,
				31B88D6A2320DBAF007A506A /* headerView.m */,
				31B88D6C2320DBC8007A506A /* headerView.xib */,
				31B88D6E2320ECA9007A506A /* thridTableViewCell.h */,
				31B88D6F2320ECA9007A506A /* thridTableViewCell.m */,
				31B88D702320ECA9007A506A /* thridTableViewCell.xib */,
				31B88D732320F64C007A506A /* fourTableViewCell.h */,
				31B88D742320F64C007A506A /* fourTableViewCell.m */,
				31B88D752320F64C007A506A /* fourTableViewCell.xib */,
				31B88D7A23210D3A007A506A /* zeroTableViewCell.h */,
				31B88D7B23210D3A007A506A /* zeroTableViewCell.m */,
				31B88D7C23210D3A007A506A /* zeroTableViewCell.xib */,
				180E9E4E23216960007A76D3 /* popChildView.h */,
				180E9E4F23216960007A76D3 /* popChildView.m */,
				180E9E512321763C007A76D3 /* popChildTableViewCell.h */,
				180E9E522321763C007A76D3 /* popChildTableViewCell.m */,
				180E9E532321763C007A76D3 /* popChildTableViewCell.xib */,
			);
			path = view;
			sourceTree = "<group>";
		};
		4AB99770565532F3C1AADA72 /* Pods */ = {
			isa = PBXGroup;
			children = (
				EC0FBC39C1834998DC1C9F2C /* Pods-rightMENU.debug.xcconfig */,
				2DD87B10A64EDB87C33A6797 /* Pods-rightMENU.release.xcconfig */,
			);
			name = Pods;
			path = Pods;
			sourceTree = "<group>";
		};
/* End PBXGroup section */

/* Begin PBXNativeTarget section */
		3177E32223209E03005ACF45 /* rightMENU */ = {
			isa = PBXNativeTarget;
			buildConfigurationList = 3177E34F23209E05005ACF45 /* Build configuration list for PBXNativeTarget "rightMENU" */;
			buildPhases = (
				432E6069A0DE89660B6A498C /* [CP] Check Pods Manifest.lock */,
				3177E31F23209E03005ACF45 /* Sources */,
				3177E32023209E03005ACF45 /* Frameworks */,
				3177E32123209E03005ACF45 /* Resources */,
				633466EAA6960CC44EF6DD1B /* [CP] Copy Pods Resources */,
			);
			buildRules = (
			);
			dependencies = (
			);
			name = rightMENU;
			productName = rightMENU;
			productReference = 3177E32323209E03005ACF45 /* rightMENU.app */;
			productType = "com.apple.product-type.application";
		};
		3177E33A23209E05005ACF45 /* rightMENUTests */ = {
			isa = PBXNativeTarget;
			buildConfigurationList = 3177E35223209E05005ACF45 /* Build configuration list for PBXNativeTarget "rightMENUTests" */;
			buildPhases = (
				3177E33723209E05005ACF45 /* Sources */,
				3177E33823209E05005ACF45 /* Frameworks */,
				3177E33923209E05005ACF45 /* Resources */,
			);
			buildRules = (
			);
			dependencies = (
				3177E33D23209E05005ACF45 /* PBXTargetDependency */,
			);
			name = rightMENUTests;
			productName = rightMENUTests;
			productReference = 3177E33B23209E05005ACF45 /* rightMENUTests.xctest */;
			productType = "com.apple.product-type.bundle.unit-test";
		};
		3177E34523209E05005ACF45 /* rightMENUUITests */ = {
			isa = PBXNativeTarget;
			buildConfigurationList = 3177E35523209E05005ACF45 /* Build configuration list for PBXNativeTarget "rightMENUUITests" */;
			buildPhases = (
				3177E34223209E05005ACF45 /* Sources */,
				3177E34323209E05005ACF45 /* Frameworks */,
				3177E34423209E05005ACF45 /* Resources */,
			);
			buildRules = (
			);
			dependencies = (
				3177E34823209E05005ACF45 /* PBXTargetDependency */,
			);
			name = rightMENUUITests;
			productName = rightMENUUITests;
			productReference = 3177E34623209E05005ACF45 /* rightMENUUITests.xctest */;
			productType = "com.apple.product-type.bundle.ui-testing";
		};
/* End PBXNativeTarget section */

/* Begin PBXProject section */
		3177E31B23209E03005ACF45 /* Project object */ = {
			isa = PBXProject;
			attributes = {
				LastUpgradeCheck = 1030;
				ORGANIZATIONNAME = "hi  kobe";
				TargetAttributes = {
					3177E32223209E03005ACF45 = {
						CreatedOnToolsVersion = 10.3;
					};
					3177E33A23209E05005ACF45 = {
						CreatedOnToolsVersion = 10.3;
						TestTargetID = 3177E32223209E03005ACF45;
					};
					3177E34523209E05005ACF45 = {
						CreatedOnToolsVersion = 10.3;
						TestTargetID = 3177E32223209E03005ACF45;
					};
				};
			};
			buildConfigurationList = 3177E31E23209E03005ACF45 /* Build configuration list for PBXProject "rightMENU" */;
			compatibilityVersion = "Xcode 9.3";
			developmentRegion = en;
			hasScannedForEncodings = 0;
			knownRegions = (
				en,
				Base,
			);
			mainGroup = 3177E31A23209E03005ACF45;
			productRefGroup = 3177E32423209E03005ACF45 /* Products */;
			projectDirPath = "";
			projectRoot = "";
			targets = (
				3177E32223209E03005ACF45 /* rightMENU */,
				3177E33A23209E05005ACF45 /* rightMENUTests */,
				3177E34523209E05005ACF45 /* rightMENUUITests */,
			);
		};
/* End PBXProject section */

/* Begin PBXResourcesBuildPhase section */
		3177E32123209E03005ACF45 /* Resources */ = {
			isa = PBXResourcesBuildPhase;
			buildActionMask = 2147483647;
			files = (
				31B88D6D2320DBC8007A506A /* headerView.xib in Resources */,
				3177E33323209E05005ACF45 /* LaunchScreen.storyboard in Resources */,
				3177E33023209E05005ACF45 /* Assets.xcassets in Resources */,
				3177E32E23209E03005ACF45 /* Main.storyboard in Resources */,
				31B88D5B2320AFBA007A506A /* DetailViewController.xib in Resources */,
				31B88D772320F64C007A506A /* fourTableViewCell.xib in Resources */,
				31B88D722320ECA9007A506A /* thridTableViewCell.xib in Resources */,
				31B88D7E23210D3A007A506A /* zeroTableViewCell.xib in Resources */,
				180E9E552321763C007A76D3 /* popChildTableViewCell.xib in Resources */,
				31B88D632320DB30007A506A /* firstTableViewCell.xib in Resources */,
				31B88D682320DB45007A506A /* secondTableViewCell.xib in Resources */,
			);
			runOnlyForDeploymentPostprocessing = 0;
		};
		3177E33923209E05005ACF45 /* Resources */ = {
			isa = PBXResourcesBuildPhase;
			buildActionMask = 2147483647;
			files = (
			);
			runOnlyForDeploymentPostprocessing = 0;
		};
		3177E34423209E05005ACF45 /* Resources */ = {
			isa = PBXResourcesBuildPhase;
			buildActionMask = 2147483647;
			files = (
			);
			runOnlyForDeploymentPostprocessing = 0;
		};
/* End PBXResourcesBuildPhase section */

/* Begin PBXShellScriptBuildPhase section */
		432E6069A0DE89660B6A498C /* [CP] Check Pods Manifest.lock */ = {
			isa = PBXShellScriptBuildPhase;
			buildActionMask = 2147483647;
			files = (
			);
			inputFileListPaths = (
			);
			inputPaths = (
				"${PODS_PODFILE_DIR_PATH}/Podfile.lock",
				"${PODS_ROOT}/Manifest.lock",
			);
			name = "[CP] Check Pods Manifest.lock";
			outputFileListPaths = (
			);
			outputPaths = (
				"$(DERIVED_FILE_DIR)/Pods-rightMENU-checkManifestLockResult.txt",
			);
			runOnlyForDeploymentPostprocessing = 0;
			shellPath = /bin/sh;
			shellScript = "diff \"${PODS_PODFILE_DIR_PATH}/Podfile.lock\" \"${PODS_ROOT}/Manifest.lock\" > /dev/null\nif [ $? != 0 ] ; then\n    # print error to STDERR\n    echo \"error: The sandbox is not in sync with the Podfile.lock. Run 'pod install' or update your CocoaPods installation.\" >&2\n    exit 1\nfi\n# This output is used by Xcode 'outputs' to avoid re-running this script phase.\necho \"SUCCESS\" > \"${SCRIPT_OUTPUT_FILE_0}\"\n";
			showEnvVarsInLog = 0;
		};
		633466EAA6960CC44EF6DD1B /* [CP] Copy Pods Resources */ = {
			isa = PBXShellScriptBuildPhase;
			buildActionMask = 2147483647;
			files = (
			);
			inputFileListPaths = (
				"${PODS_ROOT}/Target Support Files/Pods-rightMENU/Pods-rightMENU-resources-${CONFIGURATION}-input-files.xcfilelist",
			);
			name = "[CP] Copy Pods Resources";
			outputFileListPaths = (
				"${PODS_ROOT}/Target Support Files/Pods-rightMENU/Pods-rightMENU-resources-${CONFIGURATION}-output-files.xcfilelist",
			);
			runOnlyForDeploymentPostprocessing = 0;
			shellPath = /bin/sh;
			shellScript = "\"${PODS_ROOT}/Target Support Files/Pods-rightMENU/Pods-rightMENU-resources.sh\"\n";
			showEnvVarsInLog = 0;
		};
/* End PBXShellScriptBuildPhase section */

/* Begin PBXSourcesBuildPhase section */
		3177E31F23209E03005ACF45 /* Sources */ = {
			isa = PBXSourcesBuildPhase;
			buildActionMask = 2147483647;
			files = (
				3177E32B23209E03005ACF45 /* ViewController.m in Sources */,
				3177E35D2320A161005ACF45 /* mineViewController.m in Sources */,
				3177E3602320A1FB005ACF45 /* MainNavigationController.m in Sources */,
				31B88D672320DB45007A506A /* secondTableViewCell.m in Sources */,
				31B88D6B2320DBAF007A506A /* headerView.m in Sources */,
				31B88D7D23210D3A007A506A /* zeroTableViewCell.m in Sources */,
				31B88D712320ECA9007A506A /* thridTableViewCell.m in Sources */,
				31B88D5A2320AFBA007A506A /* DetailViewController.m in Sources */,
				180E9E542321763C007A76D3 /* popChildTableViewCell.m in Sources */,
				3177E33623209E05005ACF45 /* main.m in Sources */,
				180E9E5023216960007A76D3 /* popChildView.m in Sources */,
				3177E3632320A2EA005ACF45 /* MainTabbarViewController.m in Sources */,
				3177E32823209E03005ACF45 /* AppDelegate.m in Sources */,
				31B88D762320F64C007A506A /* fourTableViewCell.m in Sources */,
				3177E35A2320A150005ACF45 /* homeViewController.m in Sources */,
				31B88D622320DB30007A506A /* firstTableViewCell.m in Sources */,
			);
			runOnlyForDeploymentPostprocessing = 0;
		};
		3177E33723209E05005ACF45 /* Sources */ = {
			isa = PBXSourcesBuildPhase;
			buildActionMask = 2147483647;
			files = (
				3177E34023209E05005ACF45 /* rightMENUTests.m in Sources */,
			);
			runOnlyForDeploymentPostprocessing = 0;
		};
		3177E34223209E05005ACF45 /* Sources */ = {
			isa = PBXSourcesBuildPhase;
			buildActionMask = 2147483647;
			files = (
				3177E34B23209E05005ACF45 /* rightMENUUITests.m in Sources */,
			);
			runOnlyForDeploymentPostprocessing = 0;
		};
/* End PBXSourcesBuildPhase section */

/* Begin PBXTargetDependency section */
		3177E33D23209E05005ACF45 /* PBXTargetDependency */ = {
			isa = PBXTargetDependency;
			target = 3177E32223209E03005ACF45 /* rightMENU */;
			targetProxy = 3177E33C23209E05005ACF45 /* PBXContainerItemProxy */;
		};
		3177E34823209E05005ACF45 /* PBXTargetDependency */ = {
			isa = PBXTargetDependency;
			target = 3177E32223209E03005ACF45 /* rightMENU */;
			targetProxy = 3177E34723209E05005ACF45 /* PBXContainerItemProxy */;
		};
/* End PBXTargetDependency section */

/* Begin PBXVariantGroup section */
		3177E32C23209E03005ACF45 /* Main.storyboard */ = {
			isa = PBXVariantGroup;
			children = (
				3177E32D23209E03005ACF45 /* Base */,
			);
			name = Main.storyboard;
			sourceTree = "<group>";
		};
		3177E33123209E05005ACF45 /* LaunchScreen.storyboard */ = {
			isa = PBXVariantGroup;
			children = (
				3177E33223209E05005ACF45 /* Base */,
			);
			name = LaunchScreen.storyboard;
			sourceTree = "<group>";
		};
/* End PBXVariantGroup section */

/* Begin XCBuildConfiguration section */
		3177E34D23209E05005ACF45 /* Debug */ = {
			isa = XCBuildConfiguration;
			buildSettings = {
				ALWAYS_SEARCH_USER_PATHS = NO;
				CLANG_ANALYZER_NONNULL = YES;
				CLANG_ANALYZER_NUMBER_OBJECT_CONVERSION = YES_AGGRESSIVE;
				CLANG_CXX_LANGUAGE_STANDARD = "gnu++14";
				CLANG_CXX_LIBRARY = "libc++";
				CLANG_ENABLE_MODULES = YES;
				CLANG_ENABLE_OBJC_ARC = YES;
				CLANG_ENABLE_OBJC_WEAK = YES;
				CLANG_WARN_BLOCK_CAPTURE_AUTORELEASING = YES;
				CLANG_WARN_BOOL_CONVERSION = YES;
				CLANG_WARN_COMMA = YES;
				CLANG_WARN_CONSTANT_CONVERSION = YES;
				CLANG_WARN_DEPRECATED_OBJC_IMPLEMENTATIONS = YES;
				CLANG_WARN_DIRECT_OBJC_ISA_USAGE = YES_ERROR;
				CLANG_WARN_DOCUMENTATION_COMMENTS = YES;
				CLANG_WARN_EMPTY_BODY = YES;
				CLANG_WARN_ENUM_CONVERSION = YES;
				CLANG_WARN_INFINITE_RECURSION = YES;
				CLANG_WARN_INT_CONVERSION = YES;
				CLANG_WARN_NON_LITERAL_NULL_CONVERSION = YES;
				CLANG_WARN_OBJC_IMPLICIT_RETAIN_SELF = YES;
				CLANG_WARN_OBJC_LITERAL_CONVERSION = YES;
				CLANG_WARN_OBJC_ROOT_CLASS = YES_ERROR;
				CLANG_WARN_RANGE_LOOP_ANALYSIS = YES;
				CLANG_WARN_STRICT_PROTOTYPES = YES;
				CLANG_WARN_SUSPICIOUS_MOVE = YES;
				CLANG_WARN_UNGUARDED_AVAILABILITY = YES_AGGRESSIVE;
				CLANG_WARN_UNREACHABLE_CODE = YES;
				CLANG_WARN__DUPLICATE_METHOD_MATCH = YES;
				CODE_SIGN_IDENTITY = "iPhone Developer";
				COPY_PHASE_STRIP = NO;
				DEBUG_INFORMATION_FORMAT = dwarf;
				ENABLE_STRICT_OBJC_MSGSEND = YES;
				ENABLE_TESTABILITY = YES;
				GCC_C_LANGUAGE_STANDARD = gnu11;
				GCC_DYNAMIC_NO_PIC = NO;
				GCC_NO_COMMON_BLOCKS = YES;
				GCC_OPTIMIZATION_LEVEL = 0;
				GCC_PRECOMPILE_PREFIX_HEADER = YES;
				GCC_PREFIX_HEADER = rightMENU/PrefixHeader.pch;
				GCC_PREPROCESSOR_DEFINITIONS = (
					"DEBUG=1",
					"$(inherited)",
				);
				GCC_WARN_64_TO_32_BIT_CONVERSION = YES;
				GCC_WARN_ABOUT_RETURN_TYPE = YES_ERROR;
				GCC_WARN_UNDECLARED_SELECTOR = YES;
				GCC_WARN_UNINITIALIZED_AUTOS = YES_AGGRESSIVE;
				GCC_WARN_UNUSED_FUNCTION = YES;
				GCC_WARN_UNUSED_VARIABLE = YES;
				IPHONEOS_DEPLOYMENT_TARGET = 12.4;
				MTL_ENABLE_DEBUG_INFO = INCLUDE_SOURCE;
				MTL_FAST_MATH = YES;
				ONLY_ACTIVE_ARCH = YES;
				SDKROOT = iphoneos;
			};
			name = Debug;
		};
		3177E34E23209E05005ACF45 /* Release */ = {
			isa = XCBuildConfiguration;
			buildSettings = {
				ALWAYS_SEARCH_USER_PATHS = NO;
				CLANG_ANALYZER_NONNULL = YES;
				CLANG_ANALYZER_NUMBER_OBJECT_CONVERSION = YES_AGGRESSIVE;
				CLANG_CXX_LANGUAGE_STANDARD = "gnu++14";
				CLANG_CXX_LIBRARY = "libc++";
				CLANG_ENABLE_MODULES = YES;
				CLANG_ENABLE_OBJC_ARC = YES;
				CLANG_ENABLE_OBJC_WEAK = YES;
				CLANG_WARN_BLOCK_CAPTURE_AUTORELEASING = YES;
				CLANG_WARN_BOOL_CONVERSION = YES;
				CLANG_WARN_COMMA = YES;
				CLANG_WARN_CONSTANT_CONVERSION = YES;
				CLANG_WARN_DEPRECATED_OBJC_IMPLEMENTATIONS = YES;
				CLANG_WARN_DIRECT_OBJC_ISA_USAGE = YES_ERROR;
				CLANG_WARN_DOCUMENTATION_COMMENTS = YES;
				CLANG_WARN_EMPTY_BODY = YES;
				CLANG_WARN_ENUM_CONVERSION = YES;
				CLANG_WARN_INFINITE_RECURSION = YES;
				CLANG_WARN_INT_CONVERSION = YES;
				CLANG_WARN_NON_LITERAL_NULL_CONVERSION = YES;
				CLANG_WARN_OBJC_IMPLICIT_RETAIN_SELF = YES;
				CLANG_WARN_OBJC_LITERAL_CONVERSION = YES;
				CLANG_WARN_OBJC_ROOT_CLASS = YES_ERROR;
				CLANG_WARN_RANGE_LOOP_ANALYSIS = YES;
				CLANG_WARN_STRICT_PROTOTYPES = YES;
				CLANG_WARN_SUSPICIOUS_MOVE = YES;
				CLANG_WARN_UNGUARDED_AVAILABILITY = YES_AGGRESSIVE;
				CLANG_WARN_UNREACHABLE_CODE = YES;
				CLANG_WARN__DUPLICATE_METHOD_MATCH = YES;
				CODE_SIGN_IDENTITY = "iPhone Developer";
				COPY_PHASE_STRIP = NO;
				DEBUG_INFORMATION_FORMAT = "dwarf-with-dsym";
				ENABLE_NS_ASSERTIONS = NO;
				ENABLE_STRICT_OBJC_MSGSEND = YES;
				GCC_C_LANGUAGE_STANDARD = gnu11;
				GCC_NO_COMMON_BLOCKS = YES;
				GCC_PRECOMPILE_PREFIX_HEADER = YES;
				GCC_PREFIX_HEADER = rightMENU/PrefixHeader.pch;
				GCC_WARN_64_TO_32_BIT_CONVERSION = YES;
				GCC_WARN_ABOUT_RETURN_TYPE = YES_ERROR;
				GCC_WARN_UNDECLARED_SELECTOR = YES;
				GCC_WARN_UNINITIALIZED_AUTOS = YES_AGGRESSIVE;
				GCC_WARN_UNUSED_FUNCTION = YES;
				GCC_WARN_UNUSED_VARIABLE = YES;
				IPHONEOS_DEPLOYMENT_TARGET = 12.4;
				MTL_ENABLE_DEBUG_INFO = NO;
				MTL_FAST_MATH = YES;
				SDKROOT = iphoneos;
				VALIDATE_PRODUCT = YES;
			};
			name = Release;
		};
		3177E35023209E05005ACF45 /* Debug */ = {
			isa = XCBuildConfiguration;
			baseConfigurationReference = EC0FBC39C1834998DC1C9F2C /* Pods-rightMENU.debug.xcconfig */;
			buildSettings = {
				ASSETCATALOG_COMPILER_APPICON_NAME = AppIcon;
				CODE_SIGN_STYLE = Automatic;
				DEVELOPMENT_TEAM = T37F8AG74G;
				GCC_INCREASE_PRECOMPILED_HEADER_SHARING = NO;
				INFOPLIST_FILE = rightMENU/Info.plist;
				IPHONEOS_DEPLOYMENT_TARGET = 12.0;
				LD_RUNPATH_SEARCH_PATHS = (
					"$(inherited)",
					"@executable_path/Frameworks",
				);
				PRODUCT_BUNDLE_IDENTIFIER = vv.rightMENU;
				PRODUCT_NAME = "$(TARGET_NAME)";
				TARGETED_DEVICE_FAMILY = "1,2";
			};
			name = Debug;
		};
		3177E35123209E05005ACF45 /* Release */ = {
			isa = XCBuildConfiguration;
			baseConfigurationReference = 2DD87B10A64EDB87C33A6797 /* Pods-rightMENU.release.xcconfig */;
			buildSettings = {
				ASSETCATALOG_COMPILER_APPICON_NAME = AppIcon;
				CODE_SIGN_STYLE = Automatic;
				DEVELOPMENT_TEAM = T37F8AG74G;
				GCC_INCREASE_PRECOMPILED_HEADER_SHARING = NO;
				INFOPLIST_FILE = rightMENU/Info.plist;
				IPHONEOS_DEPLOYMENT_TARGET = 12.0;
				LD_RUNPATH_SEARCH_PATHS = (
					"$(inherited)",
					"@executable_path/Frameworks",
				);
				PRODUCT_BUNDLE_IDENTIFIER = vv.rightMENU;
				PRODUCT_NAME = "$(TARGET_NAME)";
				TARGETED_DEVICE_FAMILY = "1,2";
			};
			name = Release;
		};
		3177E35323209E05005ACF45 /* Debug */ = {
			isa = XCBuildConfiguration;
			buildSettings = {
				BUNDLE_LOADER = "$(TEST_HOST)";
				CODE_SIGN_STYLE = Automatic;
				INFOPLIST_FILE = rightMENUTests/Info.plist;
				LD_RUNPATH_SEARCH_PATHS = (
					"$(inherited)",
					"@executable_path/Frameworks",
					"@loader_path/Frameworks",
				);
				PRODUCT_BUNDLE_IDENTIFIER = vv.rightMENUTests;
				PRODUCT_NAME = "$(TARGET_NAME)";
				TARGETED_DEVICE_FAMILY = "1,2";
				TEST_HOST = "$(BUILT_PRODUCTS_DIR)/rightMENU.app/rightMENU";
			};
			name = Debug;
		};
		3177E35423209E05005ACF45 /* Release */ = {
			isa = XCBuildConfiguration;
			buildSettings = {
				BUNDLE_LOADER = "$(TEST_HOST)";
				CODE_SIGN_STYLE = Automatic;
				INFOPLIST_FILE = rightMENUTests/Info.plist;
				LD_RUNPATH_SEARCH_PATHS = (
					"$(inherited)",
					"@executable_path/Frameworks",
					"@loader_path/Frameworks",
				);
				PRODUCT_BUNDLE_IDENTIFIER = vv.rightMENUTests;
				PRODUCT_NAME = "$(TARGET_NAME)";
				TARGETED_DEVICE_FAMILY = "1,2";
				TEST_HOST = "$(BUILT_PRODUCTS_DIR)/rightMENU.app/rightMENU";
			};
			name = Release;
		};
		3177E35623209E05005ACF45 /* Debug */ = {
			isa = XCBuildConfiguration;
			buildSettings = {
				CODE_SIGN_STYLE = Automatic;
				INFOPLIST_FILE = rightMENUUITests/Info.plist;
				LD_RUNPATH_SEARCH_PATHS = (
					"$(inherited)",
					"@executable_path/Frameworks",
					"@loader_path/Frameworks",
				);
				PRODUCT_BUNDLE_IDENTIFIER = vv.rightMENUUITests;
				PRODUCT_NAME = "$(TARGET_NAME)";
				TARGETED_DEVICE_FAMILY = "1,2";
				TEST_TARGET_NAME = rightMENU;
			};
			name = Debug;
		};
		3177E35723209E05005ACF45 /* Release */ = {
			isa = XCBuildConfiguration;
			buildSettings = {
				CODE_SIGN_STYLE = Automatic;
				INFOPLIST_FILE = rightMENUUITests/Info.plist;
				LD_RUNPATH_SEARCH_PATHS = (
					"$(inherited)",
					"@executable_path/Frameworks",
					"@loader_path/Frameworks",
				);
				PRODUCT_BUNDLE_IDENTIFIER = vv.rightMENUUITests;
				PRODUCT_NAME = "$(TARGET_NAME)";
				TARGETED_DEVICE_FAMILY = "1,2";
				TEST_TARGET_NAME = rightMENU;
			};
			name = Release;
		};
/* End XCBuildConfiguration section */

/* Begin XCConfigurationList section */
		3177E31E23209E03005ACF45 /* Build configuration list for PBXProject "rightMENU" */ = {
			isa = XCConfigurationList;
			buildConfigurations = (
				3177E34D23209E05005ACF45 /* Debug */,
				3177E34E23209E05005ACF45 /* Release */,
			);
			defaultConfigurationIsVisible = 0;
			defaultConfigurationName = Release;
		};
		3177E34F23209E05005ACF45 /* Build configuration list for PBXNativeTarget "rightMENU" */ = {
			isa = XCConfigurationList;
			buildConfigurations = (
				3177E35023209E05005ACF45 /* Debug */,
				3177E35123209E05005ACF45 /* Release */,
			);
			defaultConfigurationIsVisible = 0;
			defaultConfigurationName = Release;
		};
		3177E35223209E05005ACF45 /* Build configuration list for PBXNativeTarget "rightMENUTests" */ = {
			isa = XCConfigurationList;
			buildConfigurations = (
				3177E35323209E05005ACF45 /* Debug */,
				3177E35423209E05005ACF45 /* Release */,
			);
			defaultConfigurationIsVisible = 0;
			defaultConfigurationName = Release;
		};
		3177E35523209E05005ACF45 /* Build configuration list for PBXNativeTarget "rightMENUUITests" */ = {
			isa = XCConfigurationList;
			buildConfigurations = (
				3177E35623209E05005ACF45 /* Debug */,
				3177E35723209E05005ACF45 /* Release */,
			);
			defaultConfigurationIsVisible = 0;
			defaultConfigurationName = Release;
		};
/* End XCConfigurationList section */
	};
	rootObject = 3177E31B23209E03005ACF45 /* Project object */;
}
